// !$*UTF8*$!
{
	archiveVersion = 1;
	classes = {
	};
	objectVersion = 46;
	objects = {

/* Begin PBXBuildFile section */
		18B69ABE1F146679008590E8 /* main.m in Sources */ = {isa = PBXBuildFile; fileRef = 18B69ABD1F146679008590E8 /* main.m */; };
		18B69AC91F146679008590E8 /* Assets.xcassets in Resources */ = {isa = PBXBuildFile; fileRef = 18B69AC81F146679008590E8 /* Assets.xcassets */; };
		18B69ACC1F146679008590E8 /* LaunchScreen.storyboard in Resources */ = {isa = PBXBuildFile; fileRef = 18B69ACA1F146679008590E8 /* LaunchScreen.storyboard */; };
		18B69AF71F146742008590E8 /* AppDelegate.m in Sources */ = {isa = PBXBuildFile; fileRef = 18B69AF61F146742008590E8 /* AppDelegate.m */; };
		18B69AFA1F146B7D008590E8 /* ZFBHomeController.m in Sources */ = {isa = PBXBuildFile; fileRef = 18B69AF91F146B7D008590E8 /* ZFBHomeController.m */; };
		18B69AFD1F146B8D008590E8 /* ZFBBusinessController.m in Sources */ = {isa = PBXBuildFile; fileRef = 18B69AFC1F146B8D008590E8 /* ZFBBusinessController.m */; };
		18B69B001F146BA8008590E8 /* ZFBFriendsController.m in Sources */ = {isa = PBXBuildFile; fileRef = 18B69AFF1F146BA8008590E8 /* ZFBFriendsController.m */; };
		18B69B031F146BB6008590E8 /* ZFBMineController.m in Sources */ = {isa = PBXBuildFile; fileRef = 18B69B021F146BB6008590E8 /* ZFBMineController.m */; };
		18B69B061F147047008590E8 /* UIColor+Addition.m in Sources */ = {isa = PBXBuildFile; fileRef = 18B69B051F147047008590E8 /* UIColor+Addition.m */; };
		18B69B091F147284008590E8 /* ZFBTabBarController.m in Sources */ = {isa = PBXBuildFile; fileRef = 18B69B081F147284008590E8 /* ZFBTabBarController.m */; };
		18B69B0C1F14791B008590E8 /* ZFBNavigationController.m in Sources */ = {isa = PBXBuildFile; fileRef = 18B69B0B1F14791B008590E8 /* ZFBNavigationController.m */; };
/* End PBXBuildFile section */

/* Begin PBXFileReference section */
		18B69AB91F146679008590E8 /* 支付宝.app */ = {isa = PBXFileReference; explicitFileType = wrapper.application; includeInIndex = 0; path = "支付宝.app"; sourceTree = BUILT_PRODUCTS_DIR; };
		18B69ABD1F146679008590E8 /* main.m */ = {isa = PBXFileReference; lastKnownFileType = sourcecode.c.objc; path = main.m; sourceTree = "<group>"; };
		18B69AC81F146679008590E8 /* Assets.xcassets */ = {isa = PBXFileReference; lastKnownFileType = folder.assetcatalog; path = Assets.xcassets; sourceTree = "<group>"; };
		18B69ACB1F146679008590E8 /* Base */ = {isa = PBXFileReference; lastKnownFileType = file.storyboard; name = Base; path = Base.lproj/LaunchScreen.storyboard; sourceTree = "<group>"; };
		18B69ACD1F146679008590E8 /* Info.plist */ = {isa = PBXFileReference; lastKnownFileType = text.plist.xml; path = Info.plist; sourceTree = "<group>"; };
		18B69AF51F146742008590E8 /* AppDelegate.h */ = {isa = PBXFileReference; fileEncoding = 4; lastKnownFileType = sourcecode.c.h; path = AppDelegate.h; sourceTree = "<group>"; };
		18B69AF61F146742008590E8 /* AppDelegate.m */ = {isa = PBXFileReference; fileEncoding = 4; lastKnownFileType = sourcecode.c.objc; path = AppDelegate.m; sourceTree = "<group>"; };
		18B69AF81F146B7D008590E8 /* ZFBHomeController.h */ = {isa = PBXFileReference; fileEncoding = 4; lastKnownFileType = sourcecode.c.h; path = ZFBHomeController.h; sourceTree = "<group>"; };
		18B69AF91F146B7D008590E8 /* ZFBHomeController.m */ = {isa = PBXFileReference; fileEncoding = 4; lastKnownFileType = sourcecode.c.objc; path = ZFBHomeController.m; sourceTree = "<group>"; };
		18B69AFB1F146B8D008590E8 /* ZFBBusinessController.h */ = {isa = PBXFileReference; fileEncoding = 4; lastKnownFileType = sourcecode.c.h; path = ZFBBusinessController.h; sourceTree = "<group>"; };
		18B69AFC1F146B8D008590E8 /* ZFBBusinessController.m */ = {isa = PBXFileReference; fileEncoding = 4; lastKnownFileType = sourcecode.c.objc; path = ZFBBusinessController.m; sourceTree = "<group>"; };
		18B69AFE1F146BA8008590E8 /* ZFBFriendsController.h */ = {isa = PBXFileReference; fileEncoding = 4; lastKnownFileType = sourcecode.c.h; path = ZFBFriendsController.h; sourceTree = "<group>"; };
		18B69AFF1F146BA8008590E8 /* ZFBFriendsController.m */ = {isa = PBXFileReference; fileEncoding = 4; lastKnownFileType = sourcecode.c.objc; path = ZFBFriendsController.m; sourceTree = "<group>"; };
		18B69B011F146BB6008590E8 /* ZFBMineController.h */ = {isa = PBXFileReference; fileEncoding = 4; lastKnownFileType = sourcecode.c.h; path = ZFBMineController.h; sourceTree = "<group>"; };
		18B69B021F146BB6008590E8 /* ZFBMineController.m */ = {isa = PBXFileReference; fileEncoding = 4; lastKnownFileType = sourcecode.c.objc; path = ZFBMineController.m; sourceTree = "<group>"; };
		18B69B041F147047008590E8 /* UIColor+Addition.h */ = {isa = PBXFileReference; fileEncoding = 4; lastKnownFileType = sourcecode.c.h; path = "UIColor+Addition.h"; sourceTree = "<group>"; };
		18B69B051F147047008590E8 /* UIColor+Addition.m */ = {isa = PBXFileReference; fileEncoding = 4; lastKnownFileType = sourcecode.c.objc; path = "UIColor+Addition.m"; sourceTree = "<group>"; };
		18B69B071F147284008590E8 /* ZFBTabBarController.h */ = {isa = PBXFileReference; fileEncoding = 4; lastKnownFileType = sourcecode.c.h; path = ZFBTabBarController.h; sourceTree = "<group>"; };
		18B69B081F147284008590E8 /* ZFBTabBarController.m */ = {isa = PBXFileReference; fileEncoding = 4; lastKnownFileType = sourcecode.c.objc; path = ZFBTabBarController.m; sourceTree = "<group>"; };
		18B69B0A1F14791B008590E8 /* ZFBNavigationController.h */ = {isa = PBXFileReference; fileEncoding = 4; lastKnownFileType = sourcecode.c.h; path = ZFBNavigationController.h; sourceTree = "<group>"; };
		18B69B0B1F14791B008590E8 /* ZFBNavigationController.m */ = {isa = PBXFileReference; fileEncoding = 4; lastKnownFileType = sourcecode.c.objc; path = ZFBNavigationController.m; sourceTree = "<group>"; };
/* End PBXFileReference section */

/* Begin PBXFrameworksBuildPhase section */
		18B69AB61F146679008590E8 /* Frameworks */ = {
			isa = PBXFrameworksBuildPhase;
			buildActionMask = 2147483647;
			files = (
			);
			runOnlyForDeploymentPostprocessing = 0;
		};
/* End PBXFrameworksBuildPhase section */

/* Begin PBXGroup section */
		18B69AB01F146679008590E8 = {
			isa = PBXGroup;
			children = (
				18B69ABB1F146679008590E8 /* 支付宝 */,
				18B69ABA1F146679008590E8 /* Products */,
			);
			sourceTree = "<group>";
		};
		18B69ABA1F146679008590E8 /* Products */ = {
			isa = PBXGroup;
			children = (
				18B69AB91F146679008590E8 /* 支付宝.app */,
			);
			name = Products;
			sourceTree = "<group>";
		};
		18B69ABB1F146679008590E8 /* 支付宝 */ = {
			isa = PBXGroup;
			children = (
				18B69AF21F146742008590E8 /* Common(分类) */,
				18B69AF31F146742008590E8 /* Lib(第三方框架) */,
				18B69AD31F146742008590E8 /* Classes */,
				18B69AF41F146742008590E8 /* Other */,
				18B69ABC1F146679008590E8 /* Supporting Files */,
			);
			path = "支付宝";
			sourceTree = "<group>";
		};
		18B69ABC1F146679008590E8 /* Supporting Files */ = {
			isa = PBXGroup;
			children = (
				18B69AC81F146679008590E8 /* Assets.xcassets */,
				18B69ACA1F146679008590E8 /* LaunchScreen.storyboard */,
				18B69ACD1F146679008590E8 /* Info.plist */,
				18B69ABD1F146679008590E8 /* main.m */,
			);
			name = "Supporting Files";
			sourceTree = "<group>";
		};
		18B69AD31F146742008590E8 /* Classes */ = {
			isa = PBXGroup;
			children = (
				18B69AE81F146742008590E8 /* Main(主要文件) */,
				18B69AE31F146742008590E8 /* Home(生活) */,
				18B69AD41F146742008590E8 /* Business(口碑) */,
				18B69ADE1F146742008590E8 /* Friends(朋友) */,
				18B69AED1F146742008590E8 /* Mine(我的) */,
			);
			path = Classes;
			sourceTree = "<group>";
		};
		18B69AD41F146742008590E8 /* Business(口碑) */ = {
			isa = PBXGroup;
			children = (
				18B69AD51F146742008590E8 /* Controller */,
				18B69AD61F146742008590E8 /* Model */,
				18B69AD71F146742008590E8 /* Other */,
				18B69AD81F146742008590E8 /* View */,
			);
			name = "Business(口碑)";
			path = Business;
			sourceTree = "<group>";
		};
		18B69AD51F146742008590E8 /* Controller */ = {
			isa = PBXGroup;
			children = (
				18B69AFB1F146B8D008590E8 /* ZFBBusinessController.h */,
				18B69AFC1F146B8D008590E8 /* ZFBBusinessController.m */,
			);
			path = Controller;
			sourceTree = "<group>";
		};
		18B69AD61F146742008590E8 /* Model */ = {
			isa = PBXGroup;
			children = (
			);
			path = Model;
			sourceTree = "<group>";
		};
		18B69AD71F146742008590E8 /* Other */ = {
			isa = PBXGroup;
			children = (
			);
			path = Other;
			sourceTree = "<group>";
		};
		18B69AD81F146742008590E8 /* View */ = {
			isa = PBXGroup;
			children = (
			);
			path = View;
			sourceTree = "<group>";
		};
		18B69ADE1F146742008590E8 /* Friends(朋友) */ = {
			isa = PBXGroup;
			children = (
				18B69ADF1F146742008590E8 /* Controller */,
				18B69AE01F146742008590E8 /* Model */,
				18B69AE11F146742008590E8 /* Other */,
				18B69AE21F146742008590E8 /* View */,
			);
			name = "Friends(朋友)";
			path = Friends;
			sourceTree = "<group>";
		};
		18B69ADF1F146742008590E8 /* Controller */ = {
			isa = PBXGroup;
			children = (
				18B69AFE1F146BA8008590E8 /* ZFBFriendsController.h */,
				18B69AFF1F146BA8008590E8 /* ZFBFriendsController.m */,
			);
			path = Controller;
			sourceTree = "<group>";
		};
		18B69AE01F146742008590E8 /* Model */ = {
			isa = PBXGroup;
			children = (
			);
			path = Model;
			sourceTree = "<group>";
		};
		18B69AE11F146742008590E8 /* Other */ = {
			isa = PBXGroup;
			children = (
			);
			path = Other;
			sourceTree = "<group>";
		};
		18B69AE21F146742008590E8 /* View */ = {
			isa = PBXGroup;
			children = (
			);
			path = View;
			sourceTree = "<group>";
		};
		18B69AE31F146742008590E8 /* Home(生活) */ = {
			isa = PBXGroup;
			children = (
				18B69AE41F146742008590E8 /* Controller */,
				18B69AE51F146742008590E8 /* Model */,
				18B69AE61F146742008590E8 /* Other */,
				18B69AE71F146742008590E8 /* View */,
			);
			name = "Home(生活)";
			path = Home;
			sourceTree = "<group>";
		};
		18B69AE41F146742008590E8 /* Controller */ = {
			isa = PBXGroup;
			children = (
				18B69AF81F146B7D008590E8 /* ZFBHomeController.h */,
				18B69AF91F146B7D008590E8 /* ZFBHomeController.m */,
			);
			path = Controller;
			sourceTree = "<group>";
		};
		18B69AE51F146742008590E8 /* Model */ = {
			isa = PBXGroup;
			children = (
			);
			path = Model;
			sourceTree = "<group>";
		};
		18B69AE61F146742008590E8 /* Other */ = {
			isa = PBXGroup;
			children = (
			);
			path = Other;
			sourceTree = "<group>";
		};
		18B69AE71F146742008590E8 /* View */ = {
			isa = PBXGroup;
			children = (
			);
			path = View;
			sourceTree = "<group>";
		};
		18B69AE81F146742008590E8 /* Main(主要文件) */ = {
			isa = PBXGroup;
			children = (
				18B69AE91F146742008590E8 /* Controller */,
				18B69AEA1F146742008590E8 /* Model */,
				18B69AEB1F146742008590E8 /* Other */,
				18B69AEC1F146742008590E8 /* View */,
			);
			name = "Main(主要文件)";
			path = Main;
			sourceTree = "<group>";
		};
		18B69AE91F146742008590E8 /* Controller */ = {
			isa = PBXGroup;
			children = (
				18B69B071F147284008590E8 /* ZFBTabBarController.h */,
				18B69B081F147284008590E8 /* ZFBTabBarController.m */,
				18B69B0A1F14791B008590E8 /* ZFBNavigationController.h */,
				18B69B0B1F14791B008590E8 /* ZFBNavigationController.m */,
			);
			path = Controller;
			sourceTree = "<group>";
		};
		18B69AEA1F146742008590E8 /* Model */ = {
			isa = PBXGroup;
			children = (
			);
			path = Model;
			sourceTree = "<group>";
		};
		18B69AEB1F146742008590E8 /* Other */ = {
			isa = PBXGroup;
			children = (
			);
			path = Other;
			sourceTree = "<group>";
		};
		18B69AEC1F146742008590E8 /* View */ = {
			isa = PBXGroup;
			children = (
			);
			path = View;
			sourceTree = "<group>";
		};
		18B69AED1F146742008590E8 /* Mine(我的) */ = {
			isa = PBXGroup;
			children = (
				18B69AEE1F146742008590E8 /* Controller */,
				18B69AEF1F146742008590E8 /* Model */,
				18B69AF01F146742008590E8 /* Other */,
				18B69AF11F146742008590E8 /* View */,
			);
			name = "Mine(我的)";
			path = Mine;
			sourceTree = "<group>";
		};
		18B69AEE1F146742008590E8 /* Controller */ = {
			isa = PBXGroup;
			children = (
				18B69B011F146BB6008590E8 /* ZFBMineController.h */,
				18B69B021F146BB6008590E8 /* ZFBMineController.m */,
			);
			path = Controller;
			sourceTree = "<group>";
		};
		18B69AEF1F146742008590E8 /* Model */ = {
			isa = PBXGroup;
			children = (
			);
			path = Model;
			sourceTree = "<group>";
		};
		18B69AF01F146742008590E8 /* Other */ = {
			isa = PBXGroup;
			children = (
			);
			path = Other;
			sourceTree = "<group>";
		};
		18B69AF11F146742008590E8 /* View */ = {
			isa = PBXGroup;
			children = (
			);
			path = View;
			sourceTree = "<group>";
		};
		18B69AF21F146742008590E8 /* Common(分类) */ = {
			isa = PBXGroup;
			children = (
				18B69B041F147047008590E8 /* UIColor+Addition.h */,
				18B69B051F147047008590E8 /* UIColor+Addition.m */,
			);
			name = "Common(分类)";
			path = Common;
			sourceTree = "<group>";
		};
		18B69AF31F146742008590E8 /* Lib(第三方框架) */ = {
			isa = PBXGroup;
			children = (
			);
			name = "Lib(第三方框架)";
			path = Lib;
			sourceTree = "<group>";
		};
		18B69AF41F146742008590E8 /* Other */ = {
			isa = PBXGroup;
			children = (
				18B69AF51F146742008590E8 /* AppDelegate.h */,
				18B69AF61F146742008590E8 /* AppDelegate.m */,
			);
			path = Other;
			sourceTree = "<group>";
		};
/* End PBXGroup section */

/* Begin PBXNativeTarget section */
		18B69AB81F146679008590E8 /* 支付宝 */ = {
			isa = PBXNativeTarget;
			buildConfigurationList = 18B69AD01F146679008590E8 /* Build configuration list for PBXNativeTarget "支付宝" */;
			buildPhases = (
				18B69AB51F146679008590E8 /* Sources */,
				18B69AB61F146679008590E8 /* Frameworks */,
				18B69AB71F146679008590E8 /* Resources */,
			);
			buildRules = (
			);
			dependencies = (
			);
			name = "支付宝";
			productName = "支付宝";
			productReference = 18B69AB91F146679008590E8 /* 支付宝.app */;
			productType = "com.apple.product-type.application";
		};
/* End PBXNativeTarget section */

/* Begin PBXProject section */
		18B69AB11F146679008590E8 /* Project object */ = {
			isa = PBXProject;
			attributes = {
				CLASSPREFIX = ZFB;
				LastUpgradeCheck = 0830;
				ORGANIZATIONNAME = itheima;
				TargetAttributes = {
					18B69AB81F146679008590E8 = {
						CreatedOnToolsVersion = 8.3.3;
						ProvisioningStyle = Automatic;
					};
				};
			};
			buildConfigurationList = 18B69AB41F146679008590E8 /* Build configuration list for PBXProject "支付宝" */;
			compatibilityVersion = "Xcode 3.2";
			developmentRegion = English;
			hasScannedForEncodings = 0;
			knownRegions = (
				en,
				Base,
			);
			mainGroup = 18B69AB01F146679008590E8;
			productRefGroup = 18B69ABA1F146679008590E8 /* Products */;
			projectDirPath = "";
			projectRoot = "";
			targets = (
				18B69AB81F146679008590E8 /* 支付宝 */,
			);
		};
/* End PBXProject section */

/* Begin PBXResourcesBuildPhase section */
		18B69AB71F146679008590E8 /* Resources */ = {
			isa = PBXResourcesBuildPhase;
			buildActionMask = 2147483647;
			files = (
				18B69ACC1F146679008590E8 /* LaunchScreen.storyboard in Resources */,
				18B69AC91F146679008590E8 /* Assets.xcassets in Resources */,
			);
			runOnlyForDeploymentPostprocessing = 0;
		};
/* End PBXResourcesBuildPhase section */

/* Begin PBXSourcesBuildPhase section */
		18B69AB51F146679008590E8 /* Sources */ = {
			isa = PBXSourcesBuildPhase;
			buildActionMask = 2147483647;
			files = (
				18B69B001F146BA8008590E8 /* ZFBFriendsController.m in Sources */,
				18B69AFD1F146B8D008590E8 /* ZFBBusinessController.m in Sources */,
				18B69B091F147284008590E8 /* ZFBTabBarController.m in Sources */,
				18B69B0C1F14791B008590E8 /* ZFBNavigationController.m in Sources */,
				18B69AFA1F146B7D008590E8 /* ZFBHomeController.m in Sources */,
				18B69ABE1F146679008590E8 /* main.m in Sources */,
				18B69AF71F146742008590E8 /* AppDelegate.m in Sources */,
				18B69B031F146BB6008590E8 /* ZFBMineController.m in Sources */,
				18B69B061F147047008590E8 /* UIColor+Addition.m in Sources */,
			);
			runOnlyForDeploymentPostprocessing = 0;
		};
/* End PBXSourcesBuildPhase section */

/* Begin PBXVariantGroup section */
		18B69ACA1F146679008590E8 /* LaunchScreen.storyboard */ = {
			isa = PBXVariantGroup;
			children = (
				18B69ACB1F146679008590E8 /* Base */,
			);
			name = LaunchScreen.storyboard;
			sourceTree = "<group>";
		};
/* End PBXVariantGroup section */

/* Begin XCBuildConfiguration section */
		18B69ACE1F146679008590E8 /* Debug */ = {
			isa = XCBuildConfiguration;
			buildSettings = {
				ALWAYS_SEARCH_USER_PATHS = NO;
				CLANG_ANALYZER_NONNULL = YES;
				CLANG_ANALYZER_NUMBER_OBJECT_CONVERSION = YES_AGGRESSIVE;
				CLANG_CXX_LANGUAGE_STANDARD = "gnu++0x";
				CLANG_CXX_LIBRARY = "libc++";
				CLANG_ENABLE_MODULES = YES;
				CLANG_ENABLE_OBJC_ARC = YES;
				CLANG_WARN_BOOL_CONVERSION = YES;
				CLANG_WARN_CONSTANT_CONVERSION = YES;
				CLANG_WARN_DIRECT_OBJC_ISA_USAGE = YES_ERROR;
				CLANG_WARN_DOCUMENTATION_COMMENTS = YES;
				CLANG_WARN_EMPTY_BODY = YES;
				CLANG_WARN_ENUM_CONVERSION = YES;
				CLANG_WARN_INFINITE_RECURSION = YES;
				CLANG_WARN_INT_CONVERSION = YES;
				CLANG_WARN_OBJC_ROOT_CLASS = YES_ERROR;
				CLANG_WARN_SUSPICIOUS_MOVE = YES;
				CLANG_WARN_UNREACHABLE_CODE = YES;
				CLANG_WARN__DUPLICATE_METHOD_MATCH = YES;
				"CODE_SIGN_IDENTITY[sdk=iphoneos*]" = "iPhone Developer";
				COPY_PHASE_STRIP = NO;
				DEBUG_INFORMATION_FORMAT = dwarf;
				ENABLE_STRICT_OBJC_MSGSEND = YES;
				ENABLE_TESTABILITY = YES;
				GCC_C_LANGUAGE_STANDARD = gnu99;
				GCC_DYNAMIC_NO_PIC = NO;
				GCC_NO_COMMON_BLOCKS = YES;
				GCC_OPTIMIZATION_LEVEL = 0;
				GCC_PREPROCESSOR_DEFINITIONS = (
					"DEBUG=1",
					"$(inherited)",
				);
				GCC_WARN_64_TO_32_BIT_CONVERSION = YES;
				GCC_WARN_ABOUT_RETURN_TYPE = YES_ERROR;
				GCC_WARN_UNDECLARED_SELECTOR = YES;
				GCC_WARN_UNINITIALIZED_AUTOS = YES_AGGRESSIVE;
				GCC_WARN_UNUSED_FUNCTION = YES;
				GCC_WARN_UNUSED_VARIABLE = YES;
				IPHONEOS_DEPLOYMENT_TARGET = 10.3;
				MTL_ENABLE_DEBUG_INFO = YES;
				ONLY_ACTIVE_ARCH = YES;
				SDKROOT = iphoneos;
			};
			name = Debug;
		};
		18B69ACF1F146679008590E8 /* Release */ = {
			isa = XCBuildConfiguration;
			buildSettings = {
				ALWAYS_SEARCH_USER_PATHS = NO;
				CLANG_ANALYZER_NONNULL = YES;
				CLANG_ANALYZER_NUMBER_OBJECT_CONVERSION = YES_AGGRESSIVE;
				CLANG_CXX_LANGUAGE_STANDARD = "gnu++0x";
				CLANG_CXX_LIBRARY = "libc++";
				CLANG_ENABLE_MODULES = YES;
				CLANG_ENABLE_OBJC_ARC = YES;
				CLANG_WARN_BOOL_CONVERSION = YES;
				CLANG_WARN_CONSTANT_CONVERSION = YES;
				CLANG_WARN_DIRECT_OBJC_ISA_USAGE = YES_ERROR;
				CLANG_WARN_DOCUMENTATION_COMMENTS = YES;
				CLANG_WARN_EMPTY_BODY = YES;
				CLANG_WARN_ENUM_CONVERSION = YES;
				CLANG_WARN_INFINITE_RECURSION = YES;
				CLANG_WARN_INT_CONVERSION = YES;
				CLANG_WARN_OBJC_ROOT_CLASS = YES_ERROR;
				CLANG_WARN_SUSPICIOUS_MOVE = YES;
				CLANG_WARN_UNREACHABLE_CODE = YES;
				CLANG_WARN__DUPLICATE_METHOD_MATCH = YES;
				"CODE_SIGN_IDENTITY[sdk=iphoneos*]" = "iPhone Developer";
				COPY_PHASE_STRIP = NO;
				DEBUG_INFORMATION_FORMAT = "dwarf-with-dsym";
				ENABLE_NS_ASSERTIONS = NO;
				ENABLE_STRICT_OBJC_MSGSEND = YES;
				GCC_C_LANGUAGE_STANDARD = gnu99;
				GCC_NO_COMMON_BLOCKS = YES;
				GCC_WARN_64_TO_32_BIT_CONVERSION = YES;
				GCC_WARN_ABOUT_RETURN_TYPE = YES_ERROR;
				GCC_WARN_UNDECLARED_SELECTOR = YES;
				GCC_WARN_UNINITIALIZED_AUTOS = YES_AGGRESSIVE;
				GCC_WARN_UNUSED_FUNCTION = YES;
				GCC_WARN_UNUSED_VARIABLE = YES;
				IPHONEOS_DEPLOYMENT_TARGET = 10.3;
				MTL_ENABLE_DEBUG_INFO = NO;
				SDKROOT = iphoneos;
				VALIDATE_PRODUCT = YES;
			};
			name = Release;
		};
		18B69AD11F146679008590E8 /* Debug */ = {
			isa = XCBuildConfiguration;
			buildSettings = {
				ASSETCATALOG_COMPILER_APPICON_NAME = AppIcon;
				INFOPLIST_FILE = "支付宝/Info.plist";
				LD_RUNPATH_SEARCH_PATHS = "$(inherited) @executable_path/Frameworks";
				PRODUCT_BUNDLE_IDENTIFIER = "com.itheima.---";
				PRODUCT_NAME = "$(TARGET_NAME)";
			};
			name = Debug;
		};
		18B69AD21F146679008590E8 /* Release */ = {
			isa = XCBuildConfiguration;
			buildSettings = {
				ASSETCATALOG_COMPILER_APPICON_NAME = AppIcon;
				INFOPLIST_FILE = "支付宝/Info.plist";
				LD_RUNPATH_SEARCH_PATHS = "$(inherited) @executable_path/Frameworks";
				PRODUCT_BUNDLE_IDENTIFIER = "com.itheima.---";
				PRODUCT_NAME = "$(TARGET_NAME)";
			};
			name = Release;
		};
/* End XCBuildConfiguration section */

/* Begin XCConfigurationList section */
		18B69AB41F146679008590E8 /* Build configuration list for PBXProject "支付宝" */ = {
			isa = XCConfigurationList;
			buildConfigurations = (
				18B69ACE1F146679008590E8 /* Debug */,
				18B69ACF1F146679008590E8 /* Release */,
			);
			defaultConfigurationIsVisible = 0;
			defaultConfigurationName = Release;
		};
		18B69AD01F146679008590E8 /* Build configuration list for PBXNativeTarget "支付宝" */ = {
			isa = XCConfigurationList;
			buildConfigurations = (
				18B69AD11F146679008590E8 /* Debug */,
				18B69AD21F146679008590E8 /* Release */,
			);
			defaultConfigurationIsVisible = 0;
			defaultConfigurationName = Release;
		};
/* End XCConfigurationList section */
	};
	rootObject = 18B69AB11F146679008590E8 /* Project object */;
}
